{
  "name": "parent",
  "version": "1.0.0",
  "lockfileVersion": 1,
  "requires": true,
  "dependencies": {
    "child-1-1": {
      "version": "file:../children/child-1-1",
      "requires": {
        "child-2": "file:../children/child-2"
      }
    },
    "child-1-2": {
      "version": "file:../children/child-1-2",
      "requires": {
        "child-1-1": "file:../children/child-1-1",
        "child-2": "file:../children/child-2"
      }
    },
    "child-2": {
      "version": "file:../children/child-2"
    }
  }
}
