{
  "name": "child-1-2",
  "version": "1.0.0",
  "lockfileVersion": 1,
  "requires": true,
  "dependencies": {
    "child-1-1": {
      "version": "file:../child-1-1",
      "requires": {
        "child-2": "file:../child-2"
      }
    },
    "child-2": {
      "version": "file:../child-2"
    }
  }
}
